// !$*UTF8*$!
{
	archiveVersion = 1;
	classes = {
	};
	objectVersion = 56;
	objects = {

/* Begin PBXBuildFile section */
		B9D4CBB72ACC5C5200C775E2 /* AppDelegate.swift in Sources */ = {isa = PBXBuildFile; fileRef = B9D4CBB62ACC5C5200C775E2 /* AppDelegate.swift */; };
		B9D4CBB92ACC5C5200C775E2 /* SceneDelegate.swift in Sources */ = {isa = PBXBuildFile; fileRef = B9D4CBB82ACC5C5200C775E2 /* SceneDelegate.swift */; };
		B9D4CBBB2ACC5C5200C775E2 /* ViewController.swift in Sources */ = {isa = PBXBuildFile; fileRef = B9D4CBBA2ACC5C5200C775E2 /* ViewController.swift */; };
		B9D4CBBE2ACC5C5200C775E2 /* Main.storyboard in Resources */ = {isa = PBXBuildFile; fileRef = B9D4CBBC2ACC5C5200C775E2 /* Main.storyboard */; };
		B9D4CBC02ACC5C5400C775E2 /* Assets.xcassets in Resources */ = {isa = PBXBuildFile; fileRef = B9D4CBBF2ACC5C5400C775E2 /* Assets.xcassets */; };
		B9D4CBC32ACC5C5400C775E2 /* LaunchScreen.storyboard in Resources */ = {isa = PBXBuildFile; fileRef = B9D4CBC12ACC5C5400C775E2 /* LaunchScreen.storyboard */; };
		B9D4CBCE2ACC5C5400C775E2 /* ClickerAppTests.swift in Sources */ = {isa = PBXBuildFile; fileRef = B9D4CBCD2ACC5C5400C775E2 /* ClickerAppTests.swift */; };
		B9D4CBD82ACC5C5400C775E2 /* ClickerAppUITests.swift in Sources */ = {isa = PBXBuildFile; fileRef = B9D4CBD72ACC5C5400C775E2 /* ClickerAppUITests.swift */; };
		B9D4CBDA2ACC5C5400C775E2 /* ClickerAppUITestsLaunchTests.swift in Sources */ = {isa = PBXBuildFile; fileRef = B9D4CBD92ACC5C5400C775E2 /* ClickerAppUITestsLaunchTests.swift */; };
/* End PBXBuildFile section */

/* Begin PBXContainerItemProxy section */
		B9D4CBCA2ACC5C5400C775E2 /* PBXContainerItemProxy */ = {
			isa = PBXContainerItemProxy;
			containerPortal = B9D4CBAB2ACC5C5200C775E2 /* Project object */;
			proxyType = 1;
			remoteGlobalIDString = B9D4CBB22ACC5C5200C775E2;
			remoteInfo = ClickerApp;
		};
		B9D4CBD42ACC5C5400C775E2 /* PBXContainerItemProxy */ = {
			isa = PBXContainerItemProxy;
			containerPortal = B9D4CBAB2ACC5C5200C775E2 /* Project object */;
			proxyType = 1;
			remoteGlobalIDString = B9D4CBB22ACC5C5200C775E2;
			remoteInfo = ClickerApp;
		};
/* End PBXContainerItemProxy section */

/* Begin PBXFileReference section */
		B9D4CBB32ACC5C5200C775E2 /* ClickerApp.app */ = {isa = PBXFileReference; explicitFileType = wrapper.application; includeInIndex = 0; path = ClickerApp.app; sourceTree = BUILT_PRODUCTS_DIR; };
		B9D4CBB62ACC5C5200C775E2 /* AppDelegate.swift */ = {isa = PBXFileReference; lastKnownFileType = sourcecode.swift; path = AppDelegate.swift; sourceTree = "<group>"; };
		B9D4CBB82ACC5C5200C775E2 /* SceneDelegate.swift */ = {isa = PBXFileReference; lastKnownFileType = sourcecode.swift; path = SceneDelegate.swift; sourceTree = "<group>"; };
		B9D4CBBA2ACC5C5200C775E2 /* ViewController.swift */ = {isa = PBXFileReference; lastKnownFileType = sourcecode.swift; path = ViewController.swift; sourceTree = "<group>"; };
		B9D4CBBD2ACC5C5200C775E2 /* Base */ = {isa = PBXFileReference; lastKnownFileType = file.storyboard; name = Base; path = Base.lproj/Main.storyboard; sourceTree = "<group>"; };
		B9D4CBBF2ACC5C5400C775E2 /* Assets.xcassets */ = {isa = PBXFileReference; lastKnownFileType = folder.assetcatalog; path = Assets.xcassets; sourceTree = "<group>"; };
		B9D4CBC22ACC5C5400C775E2 /* Base */ = {isa = PBXFileReference; lastKnownFileType = file.storyboard; name = Base; path = Base.lproj/LaunchScreen.storyboard; sourceTree = "<group>"; };
		B9D4CBC42ACC5C5400C775E2 /* Info.plist */ = {isa = PBXFileReference; lastKnownFileType = text.plist.xml; path = Info.plist; sourceTree = "<group>"; };
		B9D4CBC92ACC5C5400C775E2 /* ClickerAppTests.xctest */ = {isa = PBXFileReference; explicitFileType = wrapper.cfbundle; includeInIndex = 0; path = ClickerAppTests.xctest; sourceTree = BUILT_PRODUCTS_DIR; };
		B9D4CBCD2ACC5C5400C775E2 /* ClickerAppTests.swift */ = {isa = PBXFileReference; lastKnownFileType = sourcecode.swift; path = ClickerAppTests.swift; sourceTree = "<group>"; };
		B9D4CBD32ACC5C5400C775E2 /* ClickerAppUITests.xctest */ = {isa = PBXFileReference; explicitFileType = wrapper.cfbundle; includeInIndex = 0; path = ClickerAppUITests.xctest; sourceTree = BUILT_PRODUCTS_DIR; };
		B9D4CBD72ACC5C5400C775E2 /* ClickerAppUITests.swift */ = {isa = PBXFileReference; lastKnownFileType = sourcecode.swift; path = ClickerAppUITests.swift; sourceTree = "<group>"; };
		B9D4CBD92ACC5C5400C775E2 /* ClickerAppUITestsLaunchTests.swift */ = {isa = PBXFileReference; lastKnownFileType = sourcecode.swift; path = ClickerAppUITestsLaunchTests.swift; sourceTree = "<group>"; };
/* End PBXFileReference section */

/* Begin PBXFrameworksBuildPhase section */
		B9D4CBB02ACC5C5200C775E2 /* Frameworks */ = {
			isa = PBXFrameworksBuildPhase;
			buildActionMask = 2147483647;
			files = (
			);
			runOnlyForDeploymentPostprocessing = 0;
		};
		B9D4CBC62ACC5C5400C775E2 /* Frameworks */ = {
			isa = PBXFrameworksBuildPhase;
			buildActionMask = 2147483647;
			files = (
			);
			runOnlyForDeploymentPostprocessing = 0;
		};
		B9D4CBD02ACC5C5400C775E2 /* Frameworks */ = {
			isa = PBXFrameworksBuildPhase;
			buildActionMask = 2147483647;
			files = (
			);
			runOnlyForDeploymentPostprocessing = 0;
		};
/* End PBXFrameworksBuildPhase section */

/* Begin PBXGroup section */
		B9D4CBAA2ACC5C5200C775E2 = {
			isa = PBXGroup;
			children = (
				B9D4CBB52ACC5C5200C775E2 /* ClickerApp */,
				B9D4CBCC2ACC5C5400C775E2 /* ClickerAppTests */,
				B9D4CBD62ACC5C5400C775E2 /* ClickerAppUITests */,
				B9D4CBB42ACC5C5200C775E2 /* Products */,
			);
			sourceTree = "<group>";
		};
		B9D4CBB42ACC5C5200C775E2 /* Products */ = {
			isa = PBXGroup;
			children = (
				B9D4CBB32ACC5C5200C775E2 /* ClickerApp.app */,
				B9D4CBC92ACC5C5400C775E2 /* ClickerAppTests.xctest */,
				B9D4CBD32ACC5C5400C775E2 /* ClickerAppUITests.xctest */,
			);
			name = Products;
			sourceTree = "<group>";
		};
		B9D4CBB52ACC5C5200C775E2 /* ClickerApp */ = {
			isa = PBXGroup;
			children = (
				B9D4CBB62ACC5C5200C775E2 /* AppDelegate.swift */,
				B9D4CBB82ACC5C5200C775E2 /* SceneDelegate.swift */,
				B9D4CBBA2ACC5C5200C775E2 /* ViewController.swift */,
				B9D4CBBC2ACC5C5200C775E2 /* Main.storyboard */,
				B9D4CBBF2ACC5C5400C775E2 /* Assets.xcassets */,
				B9D4CBC12ACC5C5400C775E2 /* LaunchScreen.storyboard */,
				B9D4CBC42ACC5C5400C775E2 /* Info.plist */,
			);
			path = ClickerApp;
			sourceTree = "<group>";
		};
		B9D4CBCC2ACC5C5400C775E2 /* ClickerAppTests */ = {
			isa = PBXGroup;
			children = (
				B9D4CBCD2ACC5C5400C775E2 /* ClickerAppTests.swift */,
			);
			path = ClickerAppTests;
			sourceTree = "<group>";
		};
		B9D4CBD62ACC5C5400C775E2 /* ClickerAppUITests */ = {
			isa = PBXGroup;
			children = (
				B9D4CBD72ACC5C5400C775E2 /* ClickerAppUITests.swift */,
				B9D4CBD92ACC5C5400C775E2 /* ClickerAppUITestsLaunchTests.swift */,
			);
			path = ClickerAppUITests;
			sourceTree = "<group>";
		};
/* End PBXGroup section */

/* Begin PBXNativeTarget section */
		B9D4CBB22ACC5C5200C775E2 /* ClickerApp */ = {
			isa = PBXNativeTarget;
			buildConfigurationList = B9D4CBDD2ACC5C5400C775E2 /* Build configuration list for PBXNativeTarget "ClickerApp" */;
			buildPhases = (
				B9D4CBAF2ACC5C5200C775E2 /* Sources */,
				B9D4CBB02ACC5C5200C775E2 /* Frameworks */,
				B9D4CBB12ACC5C5200C775E2 /* Resources */,
			);
			buildRules = (
			);
			dependencies = (
			);
			name = ClickerApp;
			productName = ClickerApp;
			productReference = B9D4CBB32ACC5C5200C775E2 /* ClickerApp.app */;
			productType = "com.apple.product-type.application";
		};
		B9D4CBC82ACC5C5400C775E2 /* ClickerAppTests */ = {
			isa = PBXNativeTarget;
			buildConfigurationList = B9D4CBE02ACC5C5400C775E2 /* Build configuration list for PBXNativeTarget "ClickerAppTests" */;
			buildPhases = (
				B9D4CBC52ACC5C5400C775E2 /* Sources */,
				B9D4CBC62ACC5C5400C775E2 /* Frameworks */,
				B9D4CBC72ACC5C5400C775E2 /* Resources */,
			);
			buildRules = (
			);
			dependencies = (
				B9D4CBCB2ACC5C5400C775E2 /* PBXTargetDependency */,
			);
			name = ClickerAppTests;
			productName = ClickerAppTests;
			productReference = B9D4CBC92ACC5C5400C775E2 /* ClickerAppTests.xctest */;
			productType = "com.apple.product-type.bundle.unit-test";
		};
		B9D4CBD22ACC5C5400C775E2 /* ClickerAppUITests */ = {
			isa = PBXNativeTarget;
			buildConfigurationList = B9D4CBE32ACC5C5400C775E2 /* Build configuration list for PBXNativeTarget "ClickerAppUITests" */;
			buildPhases = (
				B9D4CBCF2ACC5C5400C775E2 /* Sources */,
				B9D4CBD02ACC5C5400C775E2 /* Frameworks */,
				B9D4CBD12ACC5C5400C775E2 /* Resources */,
			);
			buildRules = (
			);
			dependencies = (
				B9D4CBD52ACC5C5400C775E2 /* PBXTargetDependency */,
			);
			name = ClickerAppUITests;
			productName = ClickerAppUITests;
			productReference = B9D4CBD32ACC5C5400C775E2 /* ClickerAppUITests.xctest */;
			productType = "com.apple.product-type.bundle.ui-testing";
		};
/* End PBXNativeTarget section */

/* Begin PBXProject section */
		B9D4CBAB2ACC5C5200C775E2 /* Project object */ = {
			isa = PBXProject;
			attributes = {
				BuildIndependentTargetsInParallel = 1;
				LastSwiftUpdateCheck = 1430;
				LastUpgradeCheck = 1430;
				TargetAttributes = {
					B9D4CBB22ACC5C5200C775E2 = {
						CreatedOnToolsVersion = 14.3.1;
					};
					B9D4CBC82ACC5C5400C775E2 = {
						CreatedOnToolsVersion = 14.3.1;
						TestTargetID = B9D4CBB22ACC5C5200C775E2;
					};
					B9D4CBD22ACC5C5400C775E2 = {
						CreatedOnToolsVersion = 14.3.1;
						TestTargetID = B9D4CBB22ACC5C5200C775E2;
					};
				};
			};
			buildConfigurationList = B9D4CBAE2ACC5C5200C775E2 /* Build configuration list for PBXProject "ClickerApp" */;
			compatibilityVersion = "Xcode 14.0";
			developmentRegion = en;
			hasScannedForEncodings = 0;
			knownRegions = (
				en,
				Base,
			);
			mainGroup = B9D4CBAA2ACC5C5200C775E2;
			productRefGroup = B9D4CBB42ACC5C5200C775E2 /* Products */;
			projectDirPath = "";
			projectRoot = "";
			targets = (
				B9D4CBB22ACC5C5200C775E2 /* ClickerApp */,
				B9D4CBC82ACC5C5400C775E2 /* ClickerAppTests */,
				B9D4CBD22ACC5C5400C775E2 /* ClickerAppUITests */,
			);
		};
/* End PBXProject section */

/* Begin PBXResourcesBuildPhase section */
		B9D4CBB12ACC5C5200C775E2 /* Resources */ = {
			isa = PBXResourcesBuildPhase;
			buildActionMask = 2147483647;
			files = (
				B9D4CBC32ACC5C5400C775E2 /* LaunchScreen.storyboard in Resources */,
				B9D4CBC02ACC5C5400C775E2 /* Assets.xcassets in Resources */,
				B9D4CBBE2ACC5C5200C775E2 /* Main.storyboard in Resources */,
			);
			runOnlyForDeploymentPostprocessing = 0;
		};
		B9D4CBC72ACC5C5400C775E2 /* Resources */ = {
			isa = PBXResourcesBuildPhase;
			buildActionMask = 2147483647;
			files = (
			);
			runOnlyForDeploymentPostprocessing = 0;
		};
		B9D4CBD12ACC5C5400C775E2 /* Resources */ = {
			isa = PBXResourcesBuildPhase;
			buildActionMask = 2147483647;
			files = (
			);
			runOnlyForDeploymentPostprocessing = 0;
		};
/* End PBXResourcesBuildPhase section */

/* Begin PBXSourcesBuildPhase section */
		B9D4CBAF2ACC5C5200C775E2 /* Sources */ = {
			isa = PBXSourcesBuildPhase;
			buildActionMask = 2147483647;
			files = (
				B9D4CBBB2ACC5C5200C775E2 /* ViewController.swift in Sources */,
				B9D4CBB72ACC5C5200C775E2 /* AppDelegate.swift in Sources */,
				B9D4CBB92ACC5C5200C775E2 /* SceneDelegate.swift in Sources */,
			);
			runOnlyForDeploymentPostprocessing = 0;
		};
		B9D4CBC52ACC5C5400C775E2 /* Sources */ = {
			isa = PBXSourcesBuildPhase;
			buildActionMask = 2147483647;
			files = (
				B9D4CBCE2ACC5C5400C775E2 /* ClickerAppTests.swift in Sources */,
			);
			runOnlyForDeploymentPostprocessing = 0;
		};
		B9D4CBCF2ACC5C5400C775E2 /* Sources */ = {
			isa = PBXSourcesBuildPhase;
			buildActionMask = 2147483647;
			files = (
				B9D4CBDA2ACC5C5400C775E2 /* ClickerAppUITestsLaunchTests.swift in Sources */,
				B9D4CBD82ACC5C5400C775E2 /* ClickerAppUITests.swift in Sources */,
			);
			runOnlyForDeploymentPostprocessing = 0;
		};
/* End PBXSourcesBuildPhase section */

/* Begin PBXTargetDependency section */
		B9D4CBCB2ACC5C5400C775E2 /* PBXTargetDependency */ = {
			isa = PBXTargetDependency;
			target = B9D4CBB22ACC5C5200C775E2 /* ClickerApp */;
			targetProxy = B9D4CBCA2ACC5C5400C775E2 /* PBXContainerItemProxy */;
		};
		B9D4CBD52ACC5C5400C775E2 /* PBXTargetDependency */ = {
			isa = PBXTargetDependency;
			target = B9D4CBB22ACC5C5200C775E2 /* ClickerApp */;
			targetProxy = B9D4CBD42ACC5C5400C775E2 /* PBXContainerItemProxy */;
		};
/* End PBXTargetDependency section */

/* Begin PBXVariantGroup section */
		B9D4CBBC2ACC5C5200C775E2 /* Main.storyboard */ = {
			isa = PBXVariantGroup;
			children = (
				B9D4CBBD2ACC5C5200C775E2 /* Base */,
			);
			name = Main.storyboard;
			sourceTree = "<group>";
		};
		B9D4CBC12ACC5C5400C775E2 /* LaunchScreen.storyboard */ = {
			isa = PBXVariantGroup;
			children = (
				B9D4CBC22ACC5C5400C775E2 /* Base */,
			);
			name = LaunchScreen.storyboard;
			sourceTree = "<group>";
		};
/* End PBXVariantGroup section */

/* Begin XCBuildConfiguration section */
		B9D4CBDB2ACC5C5400C775E2 /* Debug */ = {
			isa = XCBuildConfiguration;
			buildSettings = {
				ALWAYS_SEARCH_USER_PATHS = NO;
				CLANG_ANALYZER_NONNULL = YES;
				CLANG_ANALYZER_NUMBER_OBJECT_CONVERSION = YES_AGGRESSIVE;
				CLANG_CXX_LANGUAGE_STANDARD = "gnu++20";
				CLANG_ENABLE_MODULES = YES;
				CLANG_ENABLE_OBJC_ARC = YES;
				CLANG_ENABLE_OBJC_WEAK = YES;
				CLANG_WARN_BLOCK_CAPTURE_AUTORELEASING = YES;
				CLANG_WARN_BOOL_CONVERSION = YES;
				CLANG_WARN_COMMA = YES;
				CLANG_WARN_CONSTANT_CONVERSION = YES;
				CLANG_WARN_DEPRECATED_OBJC_IMPLEMENTATIONS = YES;
				CLANG_WARN_DIRECT_OBJC_ISA_USAGE = YES_ERROR;
				CLANG_WARN_DOCUMENTATION_COMMENTS = YES;
				CLANG_WARN_EMPTY_BODY = YES;
				CLANG_WARN_ENUM_CONVERSION = YES;
				CLANG_WARN_INFINITE_RECURSION = YES;
				CLANG_WARN_INT_CONVERSION = YES;
				CLANG_WARN_NON_LITERAL_NULL_CONVERSION = YES;
				CLANG_WARN_OBJC_IMPLICIT_RETAIN_SELF = YES;
				CLANG_WARN_OBJC_LITERAL_CONVERSION = YES;
				CLANG_WARN_OBJC_ROOT_CLASS = YES_ERROR;
				CLANG_WARN_QUOTED_INCLUDE_IN_FRAMEWORK_HEADER = YES;
				CLANG_WARN_RANGE_LOOP_ANALYSIS = YES;
				CLANG_WARN_STRICT_PROTOTYPES = YES;
				CLANG_WARN_SUSPICIOUS_MOVE = YES;
				CLANG_WARN_UNGUARDED_AVAILABILITY = YES_AGGRESSIVE;
				CLANG_WARN_UNREACHABLE_CODE = YES;
				CLANG_WARN__DUPLICATE_METHOD_MATCH = YES;
				COPY_PHASE_STRIP = NO;
				DEBUG_INFORMATION_FORMAT = dwarf;
				ENABLE_STRICT_OBJC_MSGSEND = YES;
				ENABLE_TESTABILITY = YES;
				GCC_C_LANGUAGE_STANDARD = gnu11;
				GCC_DYNAMIC_NO_PIC = NO;
				GCC_NO_COMMON_BLOCKS = YES;
				GCC_OPTIMIZATION_LEVEL = 0;
				GCC_PREPROCESSOR_DEFINITIONS = (
					"DEBUG=1",
					"$(inherited)",
				);
				GCC_WARN_64_TO_32_BIT_CONVERSION = YES;
				GCC_WARN_ABOUT_RETURN_TYPE = YES_ERROR;
				GCC_WARN_UNDECLARED_SELECTOR = YES;
				GCC_WARN_UNINITIALIZED_AUTOS = YES_AGGRESSIVE;
				GCC_WARN_UNUSED_FUNCTION = YES;
				GCC_WARN_UNUSED_VARIABLE = YES;
				IPHONEOS_DEPLOYMENT_TARGET = 16.4;
				MTL_ENABLE_DEBUG_INFO = INCLUDE_SOURCE;
				MTL_FAST_MATH = YES;
				ONLY_ACTIVE_ARCH = YES;
				SDKROOT = iphoneos;
				SWIFT_ACTIVE_COMPILATION_CONDITIONS = DEBUG;
				SWIFT_OPTIMIZATION_LEVEL = "-Onone";
			};
			name = Debug;
		};
		B9D4CBDC2ACC5C5400C775E2 /* Release */ = {
			isa = XCBuildConfiguration;
			buildSettings = {
				ALWAYS_SEARCH_USER_PATHS = NO;
				CLANG_ANALYZER_NONNULL = YES;
				CLANG_ANALYZER_NUMBER_OBJECT_CONVERSION = YES_AGGRESSIVE;
				CLANG_CXX_LANGUAGE_STANDARD = "gnu++20";
				CLANG_ENABLE_MODULES = YES;
				CLANG_ENABLE_OBJC_ARC = YES;
				CLANG_ENABLE_OBJC_WEAK = YES;
				CLANG_WARN_BLOCK_CAPTURE_AUTORELEASING = YES;
				CLANG_WARN_BOOL_CONVERSION = YES;
				CLANG_WARN_COMMA = YES;
				CLANG_WARN_CONSTANT_CONVERSION = YES;
				CLANG_WARN_DEPRECATED_OBJC_IMPLEMENTATIONS = YES;
				CLANG_WARN_DIRECT_OBJC_ISA_USAGE = YES_ERROR;
				CLANG_WARN_DOCUMENTATION_COMMENTS = YES;
				CLANG_WARN_EMPTY_BODY = YES;
				CLANG_WARN_ENUM_CONVERSION = YES;
				CLANG_WARN_INFINITE_RECURSION = YES;
				CLANG_WARN_INT_CONVERSION = YES;
				CLANG_WARN_NON_LITERAL_NULL_CONVERSION = YES;
				CLANG_WARN_OBJC_IMPLICIT_RETAIN_SELF = YES;
				CLANG_WARN_OBJC_LITERAL_CONVERSION = YES;
				CLANG_WARN_OBJC_ROOT_CLASS = YES_ERROR;
				CLANG_WARN_QUOTED_INCLUDE_IN_FRAMEWORK_HEADER = YES;
				CLANG_WARN_RANGE_LOOP_ANALYSIS = YES;
				CLANG_WARN_STRICT_PROTOTYPES = YES;
				CLANG_WARN_SUSPICIOUS_MOVE = YES;
				CLANG_WARN_UNGUARDED_AVAILABILITY = YES_AGGRESSIVE;
				CLANG_WARN_UNREACHABLE_CODE = YES;
				CLANG_WARN__DUPLICATE_METHOD_MATCH = YES;
				COPY_PHASE_STRIP = NO;
				DEBUG_INFORMATION_FORMAT = "dwarf-with-dsym";
				ENABLE_NS_ASSERTIONS = NO;
				ENABLE_STRICT_OBJC_MSGSEND = YES;
				GCC_C_LANGUAGE_STANDARD = gnu11;
				GCC_NO_COMMON_BLOCKS = YES;
				GCC_WARN_64_TO_32_BIT_CONVERSION = YES;
				GCC_WARN_ABOUT_RETURN_TYPE = YES_ERROR;
				GCC_WARN_UNDECLARED_SELECTOR = YES;
				GCC_WARN_UNINITIALIZED_AUTOS = YES_AGGRESSIVE;
				GCC_WARN_UNUSED_FUNCTION = YES;
				GCC_WARN_UNUSED_VARIABLE = YES;
				IPHONEOS_DEPLOYMENT_TARGET = 16.4;
				MTL_ENABLE_DEBUG_INFO = NO;
				MTL_FAST_MATH = YES;
				SDKROOT = iphoneos;
				SWIFT_COMPILATION_MODE = wholemodule;
				SWIFT_OPTIMIZATION_LEVEL = "-O";
				VALIDATE_PRODUCT = YES;
			};
			name = Release;
		};
		B9D4CBDE2ACC5C5400C775E2 /* Debug */ = {
			isa = XCBuildConfiguration;
			buildSettings = {
				ASSETCATALOG_COMPILER_APPICON_NAME = AppIcon;
				ASSETCATALOG_COMPILER_GLOBAL_ACCENT_COLOR_NAME = AccentColor;
				CODE_SIGN_STYLE = Automatic;
				CURRENT_PROJECT_VERSION = 1;
				DEVELOPMENT_TEAM = G2RHL6RSUP;
				GENERATE_INFOPLIST_FILE = YES;
				INFOPLIST_FILE = ClickerApp/Info.plist;
				INFOPLIST_KEY_UIApplicationSupportsIndirectInputEvents = YES;
				INFOPLIST_KEY_UILaunchStoryboardName = LaunchScreen;
				INFOPLIST_KEY_UIMainStoryboardFile = Main;
				INFOPLIST_KEY_UISupportedInterfaceOrientations_iPad = "UIInterfaceOrientationPortrait UIInterfaceOrientationPortraitUpsideDown UIInterfaceOrientationLandscapeLeft UIInterfaceOrientationLandscapeRight";
				INFOPLIST_KEY_UISupportedInterfaceOrientations_iPhone = "UIInterfaceOrientationPortrait UIInterfaceOrientationLandscapeLeft UIInterfaceOrientationLandscapeRight";
				LD_RUNPATH_SEARCH_PATHS = (
					"$(inherited)",
					"@executable_path/Frameworks",
				);
				MARKETING_VERSION = 1.0;
				PRODUCT_BUNDLE_IDENTIFIER = clc.ClickerApp;
				PRODUCT_NAME = "$(TARGET_NAME)";
				SWIFT_EMIT_LOC_STRINGS = YES;
				SWIFT_VERSION = 5.0;
				TARGETED_DEVICE_FAMILY = "1,2";
			};
			name = Debug;
		};
		B9D4CBDF2ACC5C5400C775E2 /* Release */ = {
			isa = XCBuildConfiguration;
			buildSettings = {
				ASSETCATALOG_COMPILER_APPICON_NAME = AppIcon;
				ASSETCATALOG_COMPILER_GLOBAL_ACCENT_COLOR_NAME = AccentColor;
				CODE_SIGN_STYLE = Automatic;
				CURRENT_PROJECT_VERSION = 1;
				DEVELOPMENT_TEAM = G2RHL6RSUP;
				GENERATE_INFOPLIST_FILE = YES;
				INFOPLIST_FILE = ClickerApp/Info.plist;
				INFOPLIST_KEY_UIApplicationSupportsIndirectInputEvents = YES;
				INFOPLIST_KEY_UILaunchStoryboardName = LaunchScreen;
				INFOPLIST_KEY_UIMainStoryboardFile = Main;
				INFOPLIST_KEY_UISupportedInterfaceOrientations_iPad = "UIInterfaceOrientationPortrait UIInterfaceOrientationPortraitUpsideDown UIInterfaceOrientationLandscapeLeft UIInterfaceOrientationLandscapeRight";
				INFOPLIST_KEY_UISupportedInterfaceOrientations_iPhone = "UIInterfaceOrientationPortrait UIInterfaceOrientationLandscapeLeft UIInterfaceOrientationLandscapeRight";
				LD_RUNPATH_SEARCH_PATHS = (
					"$(inherited)",
					"@executable_path/Frameworks",
				);
				MARKETING_VERSION = 1.0;
				PRODUCT_BUNDLE_IDENTIFIER = clc.ClickerApp;
				PRODUCT_NAME = "$(TARGET_NAME)";
				SWIFT_EMIT_LOC_STRINGS = YES;
				SWIFT_VERSION = 5.0;
				TARGETED_DEVICE_FAMILY = "1,2";
			};
			name = Release;
		};
		B9D4CBE12ACC5C5400C775E2 /* Debug */ = {
			isa = XCBuildConfiguration;
			buildSettings = {
				ALWAYS_EMBED_SWIFT_STANDARD_LIBRARIES = YES;
				BUNDLE_LOADER = "$(TEST_HOST)";
				CODE_SIGN_STYLE = Automatic;
				CURRENT_PROJECT_VERSION = 1;
				DEVELOPMENT_TEAM = G2RHL6RSUP;
				GENERATE_INFOPLIST_FILE = YES;
				IPHONEOS_DEPLOYMENT_TARGET = 16.4;
				MARKETING_VERSION = 1.0;
				PRODUCT_BUNDLE_IDENTIFIER = clc.ClickerAppTests;
				PRODUCT_NAME = "$(TARGET_NAME)";
				SWIFT_EMIT_LOC_STRINGS = NO;
				SWIFT_VERSION = 5.0;
				TARGETED_DEVICE_FAMILY = "1,2";
				TEST_HOST = "$(BUILT_PRODUCTS_DIR)/ClickerApp.app/$(BUNDLE_EXECUTABLE_FOLDER_PATH)/ClickerApp";
			};
			name = Debug;
		};
		B9D4CBE22ACC5C5400C775E2 /* Release */ = {
			isa = XCBuildConfiguration;
			buildSettings = {
				ALWAYS_EMBED_SWIFT_STANDARD_LIBRARIES = YES;
				BUNDLE_LOADER = "$(TEST_HOST)";
				CODE_SIGN_STYLE = Automatic;
				CURRENT_PROJECT_VERSION = 1;
				DEVELOPMENT_TEAM = G2RHL6RSUP;
				GENERATE_INFOPLIST_FILE = YES;
				IPHONEOS_DEPLOYMENT_TARGET = 16.4;
				MARKETING_VERSION = 1.0;
				PRODUCT_BUNDLE_IDENTIFIER = clc.ClickerAppTests;
				PRODUCT_NAME = "$(TARGET_NAME)";
				SWIFT_EMIT_LOC_STRINGS = NO;
				SWIFT_VERSION = 5.0;
				TARGETED_DEVICE_FAMILY = "1,2";
				TEST_HOST = "$(BUILT_PRODUCTS_DIR)/ClickerApp.app/$(BUNDLE_EXECUTABLE_FOLDER_PATH)/ClickerApp";
			};
			name = Release;
		};
		B9D4CBE42ACC5C5400C775E2 /* Debug */ = {
			isa = XCBuildConfiguration;
			buildSettings = {
				ALWAYS_EMBED_SWIFT_STANDARD_LIBRARIES = YES;
				CODE_SIGN_STYLE = Automatic;
				CURRENT_PROJECT_VERSION = 1;
				DEVELOPMENT_TEAM = G2RHL6RSUP;
				GENERATE_INFOPLIST_FILE = YES;
				MARKETING_VERSION = 1.0;
				PRODUCT_BUNDLE_IDENTIFIER = clc.ClickerAppUITests;
				PRODUCT_NAME = "$(TARGET_NAME)";
				SWIFT_EMIT_LOC_STRINGS = NO;
				SWIFT_VERSION = 5.0;
				TARGETED_DEVICE_FAMILY = "1,2";
				TEST_TARGET_NAME = ClickerApp;
			};
			name = Debug;
		};
		B9D4CBE52ACC5C5400C775E2 /* Release */ = {
			isa = XCBuildConfiguration;
			buildSettings = {
				ALWAYS_EMBED_SWIFT_STANDARD_LIBRARIES = YES;
				CODE_SIGN_STYLE = Automatic;
				CURRENT_PROJECT_VERSION = 1;
				DEVELOPMENT_TEAM = G2RHL6RSUP;
				GENERATE_INFOPLIST_FILE = YES;
				MARKETING_VERSION = 1.0;
				PRODUCT_BUNDLE_IDENTIFIER = clc.ClickerAppUITests;
				PRODUCT_NAME = "$(TARGET_NAME)";
				SWIFT_EMIT_LOC_STRINGS = NO;
				SWIFT_VERSION = 5.0;
				TARGETED_DEVICE_FAMILY = "1,2";
				TEST_TARGET_NAME = ClickerApp;
			};
			name = Release;
		};
/* End XCBuildConfiguration section */

/* Begin XCConfigurationList section */
		B9D4CBAE2ACC5C5200C775E2 /* Build configuration list for PBXProject "ClickerApp" */ = {
			isa = XCConfigurationList;
			buildConfigurations = (
				B9D4CBDB2ACC5C5400C775E2 /* Debug */,
				B9D4CBDC2ACC5C5400C775E2 /* Release */,
			);
			defaultConfigurationIsVisible = 0;
			defaultConfigurationName = Release;
		};
		B9D4CBDD2ACC5C5400C775E2 /* Build configuration list for PBXNativeTarget "ClickerApp" */ = {
			isa = XCConfigurationList;
			buildConfigurations = (
				B9D4CBDE2ACC5C5400C775E2 /* Debug */,
				B9D4CBDF2ACC5C5400C775E2 /* Release */,
			);
			defaultConfigurationIsVisible = 0;
			defaultConfigurationName = Release;
		};
		B9D4CBE02ACC5C5400C775E2 /* Build configuration list for PBXNativeTarget "ClickerAppTests" */ = {
			isa = XCConfigurationList;
			buildConfigurations = (
				B9D4CBE12ACC5C5400C775E2 /* Debug */,
				B9D4CBE22ACC5C5400C775E2 /* Release */,
			);
			defaultConfigurationIsVisible = 0;
			defaultConfigurationName = Release;
		};
		B9D4CBE32ACC5C5400C775E2 /* Build configuration list for PBXNativeTarget "ClickerAppUITests" */ = {
			isa = XCConfigurationList;
			buildConfigurations = (
				B9D4CBE42ACC5C5400C775E2 /* Debug */,
				B9D4CBE52ACC5C5400C775E2 /* Release */,
			);
			defaultConfigurationIsVisible = 0;
			defaultConfigurationName = Release;
		};
/* End XCConfigurationList section */
	};
	rootObject = B9D4CBAB2ACC5C5200C775E2 /* Project object */;
}
